
Microsoft Visual Studio Solution File, Format Version 12.00
# Visual Studio 14
VisualStudioVersion = 14.0.25420.1
MinimumVisualStudioVersion = 10.0.40219.1
Project("{8BC9CEB8-8B4A-11D0-8D11-00A0C91BC942}") = "16-1", "16-1\16-1.vcxproj", "{6584FCAB-5760-4CB4-8657-BE58AF0A6B0B}"
EndProject
Project("{8BC9CEB8-8B4A-11D0-8D11-00A0C91BC942}") = "16-2", "16-2\16-2.vcxproj", "{99EE94BB-05B7-43DD-B60A-0B64FF2FD08B}"
EndProject
Project("{8BC9CEB8-8B4A-11D0-8D11-00A0C91BC942}") = "16-4", "16_4\16_4.vcxproj", "{35A92C15-D6E1-42C9-994B-AB4E717DE168}"
EndProject
Project("{8BC9CEB8-8B4A-11D0-8D11-00A0C91BC942}") = "16-5", "16-5\16-5.vcxproj", "{1D5CF5F8-636E-438C-9765-26AA853D8A62}"
EndProject
Project("{8BC9CEB8-8B4A-11D0-8D11-00A0C91BC942}") = "16-6", "16-6\16-6.vcxproj", "{74A70C5A-8CBC-47ED-85D2-FB8C932B6BE4}"
EndProject
Project("{8BC9CEB8-8B4A-11D0-8D11-00A0C91BC942}") = "16-7", "16-7\16-7.vcxproj", "{C9411B67-775B-4576-9570-D17BFE69B98D}"
EndProject
Project("{8BC9CEB8-8B4A-11D0-8D11-00A0C91BC942}") = "16-8", "16-8\16-8.vcxproj", "{62290847-A90F-4D5A-B626-01BC9F715862}"
EndProject
Project("{8BC9CEB8-8B4A-11D0-8D11-00A0C91BC942}") = "16-9", "16-9\16-9.vcxproj", "{25820183-CCED-4561-99D1-BFFF186B34BA}"
EndProject
Project("{8BC9CEB8-8B4A-11D0-8D11-00A0C91BC942}") = "16-3", "16-3\16-3.vcxproj", "{24318593-3702-461E-97CE-C03AA382B232}"
EndProject
Project("{8BC9CEB8-8B4A-11D0-8D11-00A0C91BC942}") = "16-10", "16-10\16-10.vcxproj", "{E8FAFCAB-6358-43C4-915B-CCD6DCD5D0D4}"
EndProject
Project("{8BC9CEB8-8B4A-11D0-8D11-00A0C91BC942}") = "16-11", "16-11\16-11.vcxproj", "{56F97C48-6E70-401D-B736-0E064D91B79F}"
EndProject
Project("{8BC9CEB8-8B4A-11D0-8D11-00A0C91BC942}") = "16-12", "16-12\16-12.vcxproj", "{85591D4D-49B5-425D-A83F-51BDB35203EA}"
EndProject
Project("{8BC9CEB8-8B4A-11D0-8D11-00A0C91BC942}") = "16-13", "16-13\16-13.vcxproj", "{19ADF1A2-EF56-4A33-B9EB-11AED52BEDFE}"
EndProject
Project("{8BC9CEB8-8B4A-11D0-8D11-00A0C91BC942}") = "16-14", "16-14\16-14.vcxproj", "{941FD9CF-72AC-4E06-8A80-696BBE5B490A}"
EndProject
Project("{8BC9CEB8-8B4A-11D0-8D11-00A0C91BC942}") = "16-15", "16-15\16-15.vcxproj", "{027BF689-B75D-4BDA-8CCA-B5DBAD40E3E0}"
EndProject
Project("{8BC9CEB8-8B4A-11D0-8D11-00A0C91BC942}") = "16-16", "16-16\16-16.vcxproj", "{42881600-66C8-47D5-837E-E8229B88D254}"
EndProject
Project("{8BC9CEB8-8B4A-11D0-8D11-00A0C91BC942}") = "16-17", "16-17\16-17.vcxproj", "{E2AECAFF-D719-450E-A76F-0B00385542A7}"
EndProject
Project("{8BC9CEB8-8B4A-11D0-8D11-00A0C91BC942}") = "16-18", "16-18\16-18.vcxproj", "{FA7DE5B6-0797-461F-916C-5F5A3505285D}"
EndProject
Project("{8BC9CEB8-8B4A-11D0-8D11-00A0C91BC942}") = "16-19", "16-19\16-19.vcxproj", "{3A28BB34-FA99-4400-8785-0329BE655F6A}"
EndProject
Project("{8BC9CEB8-8B4A-11D0-8D11-00A0C91BC942}") = "16-20", "16-20\16-20.vcxproj", "{57338D70-3D29-4103-8F7F-A2BF34224A8A}"
EndProject
Project("{8BC9CEB8-8B4A-11D0-8D11-00A0C91BC942}") = "16-21", "16-21\16-21.vcxproj", "{291C74C9-E8FC-448C-8F05-28EF8DE67249}"
EndProject
Project("{8BC9CEB8-8B4A-11D0-8D11-00A0C91BC942}") = "16-22", "16-22\16-22.vcxproj", "{407AE745-A409-4668-9C7E-61CE133FD8CB}"
EndProject
Global
	GlobalSection(SolutionConfigurationPlatforms) = preSolution
		Debug|x64 = Debug|x64
		Debug|x86 = Debug|x86
		Release|x64 = Release|x64
		Release|x86 = Release|x86
	EndGlobalSection
	GlobalSection(ProjectConfigurationPlatforms) = postSolution
		{6584FCAB-5760-4CB4-8657-BE58AF0A6B0B}.Debug|x64.ActiveCfg = Debug|x64
		{6584FCAB-5760-4CB4-8657-BE58AF0A6B0B}.Debug|x64.Build.0 = Debug|x64
		{6584FCAB-5760-4CB4-8657-BE58AF0A6B0B}.Debug|x86.ActiveCfg = Debug|Win32
		{6584FCAB-5760-4CB4-8657-BE58AF0A6B0B}.Debug|x86.Build.0 = Debug|Win32
		{6584FCAB-5760-4CB4-8657-BE58AF0A6B0B}.Release|x64.ActiveCfg = Release|x64
		{6584FCAB-5760-4CB4-8657-BE58AF0A6B0B}.Release|x64.Build.0 = Release|x64
		{6584FCAB-5760-4CB4-8657-BE58AF0A6B0B}.Release|x86.ActiveCfg = Release|Win32
		{6584FCAB-5760-4CB4-8657-BE58AF0A6B0B}.Release|x86.Build.0 = Release|Win32
		{99EE94BB-05B7-43DD-B60A-0B64FF2FD08B}.Debug|x64.ActiveCfg = Debug|x64
		{99EE94BB-05B7-43DD-B60A-0B64FF2FD08B}.Debug|x64.Build.0 = Debug|x64
		{99EE94BB-05B7-43DD-B60A-0B64FF2FD08B}.Debug|x86.ActiveCfg = Debug|Win32
		{99EE94BB-05B7-43DD-B60A-0B64FF2FD08B}.Debug|x86.Build.0 = Debug|Win32
		{99EE94BB-05B7-43DD-B60A-0B64FF2FD08B}.Release|x64.ActiveCfg = Release|x64
		{99EE94BB-05B7-43DD-B60A-0B64FF2FD08B}.Release|x64.Build.0 = Release|x64
		{99EE94BB-05B7-43DD-B60A-0B64FF2FD08B}.Release|x86.ActiveCfg = Release|Win32
		{99EE94BB-05B7-43DD-B60A-0B64FF2FD08B}.Release|x86.Build.0 = Release|Win32
		{35A92C15-D6E1-42C9-994B-AB4E717DE168}.Debug|x64.ActiveCfg = Debug|x64
		{35A92C15-D6E1-42C9-994B-AB4E717DE168}.Debug|x64.Build.0 = Debug|x64
		{35A92C15-D6E1-42C9-994B-AB4E717DE168}.Debug|x86.ActiveCfg = Debug|Win32
		{35A92C15-D6E1-42C9-994B-AB4E717DE168}.Debug|x86.Build.0 = Debug|Win32
		{35A92C15-D6E1-42C9-994B-AB4E717DE168}.Release|x64.ActiveCfg = Release|x64
		{35A92C15-D6E1-42C9-994B-AB4E717DE168}.Release|x64.Build.0 = Release|x64
		{35A92C15-D6E1-42C9-994B-AB4E717DE168}.Release|x86.ActiveCfg = Release|Win32
		{35A92C15-D6E1-42C9-994B-AB4E717DE168}.Release|x86.Build.0 = Release|Win32
		{1D5CF5F8-636E-438C-9765-26AA853D8A62}.Debug|x64.ActiveCfg = Debug|x64
		{1D5CF5F8-636E-438C-9765-26AA853D8A62}.Debug|x64.Build.0 = Debug|x64
		{1D5CF5F8-636E-438C-9765-26AA853D8A62}.Debug|x86.ActiveCfg = Debug|Win32
		{1D5CF5F8-636E-438C-9765-26AA853D8A62}.Debug|x86.Build.0 = Debug|Win32
		{1D5CF5F8-636E-438C-9765-26AA853D8A62}.Release|x64.ActiveCfg = Release|x64
		{1D5CF5F8-636E-438C-9765-26AA853D8A62}.Release|x64.Build.0 = Release|x64
		{1D5CF5F8-636E-438C-9765-26AA853D8A62}.Release|x86.ActiveCfg = Release|Win32
		{1D5CF5F8-636E-438C-9765-26AA853D8A62}.Release|x86.Build.0 = Release|Win32
		{74A70C5A-8CBC-47ED-85D2-FB8C932B6BE4}.Debug|x64.ActiveCfg = Debug|x64
		{74A70C5A-8CBC-47ED-85D2-FB8C932B6BE4}.Debug|x64.Build.0 = Debug|x64
		{74A70C5A-8CBC-47ED-85D2-FB8C932B6BE4}.Debug|x86.ActiveCfg = Debug|Win32
		{74A70C5A-8CBC-47ED-85D2-FB8C932B6BE4}.Debug|x86.Build.0 = Debug|Win32
		{74A70C5A-8CBC-47ED-85D2-FB8C932B6BE4}.Release|x64.ActiveCfg = Release|x64
		{74A70C5A-8CBC-47ED-85D2-FB8C932B6BE4}.Release|x64.Build.0 = Release|x64
		{74A70C5A-8CBC-47ED-85D2-FB8C932B6BE4}.Release|x86.ActiveCfg = Release|Win32
		{74A70C5A-8CBC-47ED-85D2-FB8C932B6BE4}.Release|x86.Build.0 = Release|Win32
		{C9411B67-775B-4576-9570-D17BFE69B98D}.Debug|x64.ActiveCfg = Debug|x64
		{C9411B67-775B-4576-9570-D17BFE69B98D}.Debug|x64.Build.0 = Debug|x64
		{C9411B67-775B-4576-9570-D17BFE69B98D}.Debug|x86.ActiveCfg = Debug|Win32
		{C9411B67-775B-4576-9570-D17BFE69B98D}.Debug|x86.Build.0 = Debug|Win32
		{C9411B67-775B-4576-9570-D17BFE69B98D}.Release|x64.ActiveCfg = Release|x64
		{C9411B67-775B-4576-9570-D17BFE69B98D}.Release|x64.Build.0 = Release|x64
		{C9411B67-775B-4576-9570-D17BFE69B98D}.Release|x86.ActiveCfg = Release|Win32
		{C9411B67-775B-4576-9570-D17BFE69B98D}.Release|x86.Build.0 = Release|Win32
		{62290847-A90F-4D5A-B626-01BC9F715862}.Debug|x64.ActiveCfg = Debug|x64
		{62290847-A90F-4D5A-B626-01BC9F715862}.Debug|x64.Build.0 = Debug|x64
		{62290847-A90F-4D5A-B626-01BC9F715862}.Debug|x86.ActiveCfg = Debug|Win32
		{62290847-A90F-4D5A-B626-01BC9F715862}.Debug|x86.Build.0 = Debug|Win32
		{62290847-A90F-4D5A-B626-01BC9F715862}.Release|x64.ActiveCfg = Release|x64
		{62290847-A90F-4D5A-B626-01BC9F715862}.Release|x64.Build.0 = Release|x64
		{62290847-A90F-4D5A-B626-01BC9F715862}.Release|x86.ActiveCfg = Release|Win32
		{62290847-A90F-4D5A-B626-01BC9F715862}.Release|x86.Build.0 = Release|Win32
		{25820183-CCED-4561-99D1-BFFF186B34BA}.Debug|x64.ActiveCfg = Debug|x64
		{25820183-CCED-4561-99D1-BFFF186B34BA}.Debug|x64.Build.0 = Debug|x64
		{25820183-CCED-4561-99D1-BFFF186B34BA}.Debug|x86.ActiveCfg = Debug|Win32
		{25820183-CCED-4561-99D1-BFFF186B34BA}.Debug|x86.Build.0 = Debug|Win32
		{25820183-CCED-4561-99D1-BFFF186B34BA}.Release|x64.ActiveCfg = Release|x64
		{25820183-CCED-4561-99D1-BFFF186B34BA}.Release|x64.Build.0 = Release|x64
		{25820183-CCED-4561-99D1-BFFF186B34BA}.Release|x86.ActiveCfg = Release|Win32
		{25820183-CCED-4561-99D1-BFFF186B34BA}.Release|x86.Build.0 = Release|Win32
		{24318593-3702-461E-97CE-C03AA382B232}.Debug|x64.ActiveCfg = Debug|x64
		{24318593-3702-461E-97CE-C03AA382B232}.Debug|x64.Build.0 = Debug|x64
		{24318593-3702-461E-97CE-C03AA382B232}.Debug|x86.ActiveCfg = Debug|Win32
		{24318593-3702-461E-97CE-C03AA382B232}.Debug|x86.Build.0 = Debug|Win32
		{24318593-3702-461E-97CE-C03AA382B232}.Release|x64.ActiveCfg = Release|x64
		{24318593-3702-461E-97CE-C03AA382B232}.Release|x64.Build.0 = Release|x64
		{24318593-3702-461E-97CE-C03AA382B232}.Release|x86.ActiveCfg = Release|Win32
		{24318593-3702-461E-97CE-C03AA382B232}.Release|x86.Build.0 = Release|Win32
		{E8FAFCAB-6358-43C4-915B-CCD6DCD5D0D4}.Debug|x64.ActiveCfg = Debug|x64
		{E8FAFCAB-6358-43C4-915B-CCD6DCD5D0D4}.Debug|x64.Build.0 = Debug|x64
		{E8FAFCAB-6358-43C4-915B-CCD6DCD5D0D4}.Debug|x86.ActiveCfg = Debug|Win32
		{E8FAFCAB-6358-43C4-915B-CCD6DCD5D0D4}.Debug|x86.Build.0 = Debug|Win32
		{E8FAFCAB-6358-43C4-915B-CCD6DCD5D0D4}.Release|x64.ActiveCfg = Release|x64
		{E8FAFCAB-6358-43C4-915B-CCD6DCD5D0D4}.Release|x64.Build.0 = Release|x64
		{E8FAFCAB-6358-43C4-915B-CCD6DCD5D0D4}.Release|x86.ActiveCfg = Release|Win32
		{E8FAFCAB-6358-43C4-915B-CCD6DCD5D0D4}.Release|x86.Build.0 = Release|Win32
		{56F97C48-6E70-401D-B736-0E064D91B79F}.Debug|x64.ActiveCfg = Debug|x64
		{56F97C48-6E70-401D-B736-0E064D91B79F}.Debug|x64.Build.0 = Debug|x64
		{56F97C48-6E70-401D-B736-0E064D91B79F}.Debug|x86.ActiveCfg = Debug|Win32
		{56F97C48-6E70-401D-B736-0E064D91B79F}.Debug|x86.Build.0 = Debug|Win32
		{56F97C48-6E70-401D-B736-0E064D91B79F}.Release|x64.ActiveCfg = Release|x64
		{56F97C48-6E70-401D-B736-0E064D91B79F}.Release|x64.Build.0 = Release|x64
		{56F97C48-6E70-401D-B736-0E064D91B79F}.Release|x86.ActiveCfg = Release|Win32
		{56F97C48-6E70-401D-B736-0E064D91B79F}.Release|x86.Build.0 = Release|Win32
		{85591D4D-49B5-425D-A83F-51BDB35203EA}.Debug|x64.ActiveCfg = Debug|x64
		{85591D4D-49B5-425D-A83F-51BDB35203EA}.Debug|x64.Build.0 = Debug|x64
		{85591D4D-49B5-425D-A83F-51BDB35203EA}.Debug|x86.ActiveCfg = Debug|Win32
		{85591D4D-49B5-425D-A83F-51BDB35203EA}.Debug|x86.Build.0 = Debug|Win32
		{85591D4D-49B5-425D-A83F-51BDB35203EA}.Release|x64.ActiveCfg = Release|x64
		{85591D4D-49B5-425D-A83F-51BDB35203EA}.Release|x64.Build.0 = Release|x64
		{85591D4D-49B5-425D-A83F-51BDB35203EA}.Release|x86.ActiveCfg = Release|Win32
		{85591D4D-49B5-425D-A83F-51BDB35203EA}.Release|x86.Build.0 = Release|Win32
		{19ADF1A2-EF56-4A33-B9EB-11AED52BEDFE}.Debug|x64.ActiveCfg = Debug|x64
		{19ADF1A2-EF56-4A33-B9EB-11AED52BEDFE}.Debug|x64.Build.0 = Debug|x64
		{19ADF1A2-EF56-4A33-B9EB-11AED52BEDFE}.Debug|x86.ActiveCfg = Debug|Win32
		{19ADF1A2-EF56-4A33-B9EB-11AED52BEDFE}.Debug|x86.Build.0 = Debug|Win32
		{19ADF1A2-EF56-4A33-B9EB-11AED52BEDFE}.Release|x64.ActiveCfg = Release|x64
		{19ADF1A2-EF56-4A33-B9EB-11AED52BEDFE}.Release|x64.Build.0 = Release|x64
		{19ADF1A2-EF56-4A33-B9EB-11AED52BEDFE}.Release|x86.ActiveCfg = Release|Win32
		{19ADF1A2-EF56-4A33-B9EB-11AED52BEDFE}.Release|x86.Build.0 = Release|Win32
		{941FD9CF-72AC-4E06-8A80-696BBE5B490A}.Debug|x64.ActiveCfg = Debug|x64
		{941FD9CF-72AC-4E06-8A80-696BBE5B490A}.Debug|x64.Build.0 = Debug|x64
		{941FD9CF-72AC-4E06-8A80-696BBE5B490A}.Debug|x86.ActiveCfg = Debug|Win32
		{941FD9CF-72AC-4E06-8A80-696BBE5B490A}.Debug|x86.Build.0 = Debug|Win32
		{941FD9CF-72AC-4E06-8A80-696BBE5B490A}.Release|x64.ActiveCfg = Release|x64
		{941FD9CF-72AC-4E06-8A80-696BBE5B490A}.Release|x64.Build.0 = Release|x64
		{941FD9CF-72AC-4E06-8A80-696BBE5B490A}.Release|x86.ActiveCfg = Release|Win32
		{941FD9CF-72AC-4E06-8A80-696BBE5B490A}.Release|x86.Build.0 = Release|Win32
		{027BF689-B75D-4BDA-8CCA-B5DBAD40E3E0}.Debug|x64.ActiveCfg = Debug|x64
		{027BF689-B75D-4BDA-8CCA-B5DBAD40E3E0}.Debug|x64.Build.0 = Debug|x64
		{027BF689-B75D-4BDA-8CCA-B5DBAD40E3E0}.Debug|x86.ActiveCfg = Debug|Win32
		{027BF689-B75D-4BDA-8CCA-B5DBAD40E3E0}.Debug|x86.Build.0 = Debug|Win32
		{027BF689-B75D-4BDA-8CCA-B5DBAD40E3E0}.Release|x64.ActiveCfg = Release|x64
		{027BF689-B75D-4BDA-8CCA-B5DBAD40E3E0}.Release|x64.Build.0 = Release|x64
		{027BF689-B75D-4BDA-8CCA-B5DBAD40E3E0}.Release|x86.ActiveCfg = Release|Win32
		{027BF689-B75D-4BDA-8CCA-B5DBAD40E3E0}.Release|x86.Build.0 = Release|Win32
		{42881600-66C8-47D5-837E-E8229B88D254}.Debug|x64.ActiveCfg = Debug|x64
		{42881600-66C8-47D5-837E-E8229B88D254}.Debug|x64.Build.0 = Debug|x64
		{42881600-66C8-47D5-837E-E8229B88D254}.Debug|x86.ActiveCfg = Debug|Win32
		{42881600-66C8-47D5-837E-E8229B88D254}.Debug|x86.Build.0 = Debug|Win32
		{42881600-66C8-47D5-837E-E8229B88D254}.Release|x64.ActiveCfg = Release|x64
		{42881600-66C8-47D5-837E-E8229B88D254}.Release|x64.Build.0 = Release|x64
		{42881600-66C8-47D5-837E-E8229B88D254}.Release|x86.ActiveCfg = Release|Win32
		{42881600-66C8-47D5-837E-E8229B88D254}.Release|x86.Build.0 = Release|Win32
		{E2AECAFF-D719-450E-A76F-0B00385542A7}.Debug|x64.ActiveCfg = Debug|x64
		{E2AECAFF-D719-450E-A76F-0B00385542A7}.Debug|x64.Build.0 = Debug|x64
		{E2AECAFF-D719-450E-A76F-0B00385542A7}.Debug|x86.ActiveCfg = Debug|Win32
		{E2AECAFF-D719-450E-A76F-0B00385542A7}.Debug|x86.Build.0 = Debug|Win32
		{E2AECAFF-D719-450E-A76F-0B00385542A7}.Release|x64.ActiveCfg = Release|x64
		{E2AECAFF-D719-450E-A76F-0B00385542A7}.Release|x64.Build.0 = Release|x64
		{E2AECAFF-D719-450E-A76F-0B00385542A7}.Release|x86.ActiveCfg = Release|Win32
		{E2AECAFF-D719-450E-A76F-0B00385542A7}.Release|x86.Build.0 = Release|Win32
		{FA7DE5B6-0797-461F-916C-5F5A3505285D}.Debug|x64.ActiveCfg = Debug|x64
		{FA7DE5B6-0797-461F-916C-5F5A3505285D}.Debug|x64.Build.0 = Debug|x64
		{FA7DE5B6-0797-461F-916C-5F5A3505285D}.Debug|x86.ActiveCfg = Debug|Win32
		{FA7DE5B6-0797-461F-916C-5F5A3505285D}.Debug|x86.Build.0 = Debug|Win32
		{FA7DE5B6-0797-461F-916C-5F5A3505285D}.Release|x64.ActiveCfg = Release|x64
		{FA7DE5B6-0797-461F-916C-5F5A3505285D}.Release|x64.Build.0 = Release|x64
		{FA7DE5B6-0797-461F-916C-5F5A3505285D}.Release|x86.ActiveCfg = Release|Win32
		{FA7DE5B6-0797-461F-916C-5F5A3505285D}.Release|x86.Build.0 = Release|Win32
		{3A28BB34-FA99-4400-8785-0329BE655F6A}.Debug|x64.ActiveCfg = Debug|x64
		{3A28BB34-FA99-4400-8785-0329BE655F6A}.Debug|x64.Build.0 = Debug|x64
		{3A28BB34-FA99-4400-8785-0329BE655F6A}.Debug|x86.ActiveCfg = Debug|Win32
		{3A28BB34-FA99-4400-8785-0329BE655F6A}.Debug|x86.Build.0 = Debug|Win32
		{3A28BB34-FA99-4400-8785-0329BE655F6A}.Release|x64.ActiveCfg = Release|x64
		{3A28BB34-FA99-4400-8785-0329BE655F6A}.Release|x64.Build.0 = Release|x64
		{3A28BB34-FA99-4400-8785-0329BE655F6A}.Release|x86.ActiveCfg = Release|Win32
		{3A28BB34-FA99-4400-8785-0329BE655F6A}.Release|x86.Build.0 = Release|Win32
		{57338D70-3D29-4103-8F7F-A2BF34224A8A}.Debug|x64.ActiveCfg = Debug|x64
		{57338D70-3D29-4103-8F7F-A2BF34224A8A}.Debug|x64.Build.0 = Debug|x64
		{57338D70-3D29-4103-8F7F-A2BF34224A8A}.Debug|x86.ActiveCfg = Debug|Win32
		{57338D70-3D29-4103-8F7F-A2BF34224A8A}.Debug|x86.Build.0 = Debug|Win32
		{57338D70-3D29-4103-8F7F-A2BF34224A8A}.Release|x64.ActiveCfg = Release|x64
		{57338D70-3D29-4103-8F7F-A2BF34224A8A}.Release|x64.Build.0 = Release|x64
		{57338D70-3D29-4103-8F7F-A2BF34224A8A}.Release|x86.ActiveCfg = Release|Win32
		{57338D70-3D29-4103-8F7F-A2BF34224A8A}.Release|x86.Build.0 = Release|Win32
		{291C74C9-E8FC-448C-8F05-28EF8DE67249}.Debug|x64.ActiveCfg = Debug|x64
		{291C74C9-E8FC-448C-8F05-28EF8DE67249}.Debug|x64.Build.0 = Debug|x64
		{291C74C9-E8FC-448C-8F05-28EF8DE67249}.Debug|x86.ActiveCfg = Debug|Win32
		{291C74C9-E8FC-448C-8F05-28EF8DE67249}.Debug|x86.Build.0 = Debug|Win32
		{291C74C9-E8FC-448C-8F05-28EF8DE67249}.Release|x64.ActiveCfg = Release|x64
		{291C74C9-E8FC-448C-8F05-28EF8DE67249}.Release|x64.Build.0 = Release|x64
		{291C74C9-E8FC-448C-8F05-28EF8DE67249}.Release|x86.ActiveCfg = Release|Win32
		{291C74C9-E8FC-448C-8F05-28EF8DE67249}.Release|x86.Build.0 = Release|Win32
		{407AE745-A409-4668-9C7E-61CE133FD8CB}.Debug|x64.ActiveCfg = Debug|x64
		{407AE745-A409-4668-9C7E-61CE133FD8CB}.Debug|x64.Build.0 = Debug|x64
		{407AE745-A409-4668-9C7E-61CE133FD8CB}.Debug|x86.ActiveCfg = Debug|Win32
		{407AE745-A409-4668-9C7E-61CE133FD8CB}.Debug|x86.Build.0 = Debug|Win32
		{407AE745-A409-4668-9C7E-61CE133FD8CB}.Release|x64.ActiveCfg = Release|x64
		{407AE745-A409-4668-9C7E-61CE133FD8CB}.Release|x64.Build.0 = Release|x64
		{407AE745-A409-4668-9C7E-61CE133FD8CB}.Release|x86.ActiveCfg = Release|Win32
		{407AE745-A409-4668-9C7E-61CE133FD8CB}.Release|x86.Build.0 = Release|Win32
	EndGlobalSection
	GlobalSection(SolutionProperties) = preSolution
		HideSolutionNode = FALSE
	EndGlobalSection
EndGlobal
